// !$*UTF8*$!
{
	archiveVersion = 1;
	classes = {
	};
	objectVersion = 46;
	objects = {

/* Begin PBXBuildFile section */
		260E067F1BB189C300C4D225 /* Account.m in Sources */ = {isa = PBXBuildFile; fileRef = 260E067C1BB189C300C4D225 /* Account.m */; settings = {ASSET_TAGS = (); }; };
		260E06851BB189CD00C4D225 /* Service.m in Sources */ = {isa = PBXBuildFile; fileRef = 260E06821BB189CD00C4D225 /* Service.m */; settings = {ASSET_TAGS = (); }; };
		260E06861BB189CD00C4D225 /* Service+CoreDataProperties.m in Sources */ = {isa = PBXBuildFile; fileRef = 260E06841BB189CD00C4D225 /* Service+CoreDataProperties.m */; settings = {ASSET_TAGS = (); }; };
		260E068B1BB18F9D00C4D225 /* main.m in Sources */ = {isa = PBXBuildFile; fileRef = 260E068A1BB18F9D00C4D225 /* main.m */; settings = {ASSET_TAGS = (); }; };
		260E068D1BB18FE100C4D225 /* Account+CoreDataProperties.m in Sources */ = {isa = PBXBuildFile; fileRef = 260E067E1BB189C300C4D225 /* Account+CoreDataProperties.m */; settings = {ASSET_TAGS = (); }; };
		260E06901BB2936300C4D225 /* CoreDataSource.m in Sources */ = {isa = PBXBuildFile; fileRef = 260E068F1BB2936300C4D225 /* CoreDataSource.m */; settings = {ASSET_TAGS = (); }; };
		262889BD1BB3EDBA00F87115 /* BaseTableViewController.m in Sources */ = {isa = PBXBuildFile; fileRef = 262889BC1BB3EDBA00F87115 /* BaseTableViewController.m */; settings = {ASSET_TAGS = (); }; };
		262889C01BB3EF5100F87115 /* BaseCollectionViewController.m in Sources */ = {isa = PBXBuildFile; fileRef = 262889BF1BB3EF5100F87115 /* BaseCollectionViewController.m */; settings = {ASSET_TAGS = (); }; };
		269BC6B61BAC4829005A1DA3 /* AccountTableViewController.m in Sources */ = {isa = PBXBuildFile; fileRef = 269BC6B51BAC4829005A1DA3 /* AccountTableViewController.m */; settings = {ASSET_TAGS = (); }; };
		269BC6C11BB03381005A1DA3 /* AccountTableViewCell.m in Sources */ = {isa = PBXBuildFile; fileRef = 269BC6C01BB03381005A1DA3 /* AccountTableViewCell.m */; settings = {ASSET_TAGS = (); }; };
		269BC6C41BB16692005A1DA3 /* ServicesCollectionViewController.m in Sources */ = {isa = PBXBuildFile; fileRef = 269BC6C31BB16692005A1DA3 /* ServicesCollectionViewController.m */; settings = {ASSET_TAGS = (); }; };
		269BC6C81BB17C07005A1DA3 /* ServiceManager.m in Sources */ = {isa = PBXBuildFile; fileRef = 269BC6C71BB17C07005A1DA3 /* ServiceManager.m */; settings = {ASSET_TAGS = (); }; };
		269BC6CB1BB17E9C005A1DA3 /* ServiceCoreDataManager.m in Sources */ = {isa = PBXBuildFile; fileRef = 269BC6CA1BB17E9C005A1DA3 /* ServiceCoreDataManager.m */; settings = {ASSET_TAGS = (); }; };
		26BD116D1BABFCDA005F13B2 /* AppDelegate.m in Sources */ = {isa = PBXBuildFile; fileRef = 26BD116C1BABFCDA005F13B2 /* AppDelegate.m */; };
		26BD11731BABFCDA005F13B2 /* Main.storyboard in Resources */ = {isa = PBXBuildFile; fileRef = 26BD11711BABFCDA005F13B2 /* Main.storyboard */; };
		26BD11751BABFCDA005F13B2 /* Assets.xcassets in Resources */ = {isa = PBXBuildFile; fileRef = 26BD11741BABFCDA005F13B2 /* Assets.xcassets */; };
		26BD11781BABFCDA005F13B2 /* LaunchScreen.storyboard in Resources */ = {isa = PBXBuildFile; fileRef = 26BD11761BABFCDA005F13B2 /* LaunchScreen.storyboard */; };
		26BD11831BABFCDA005F13B2 /* Accounts_ListTests.m in Sources */ = {isa = PBXBuildFile; fileRef = 26BD11821BABFCDA005F13B2 /* Accounts_ListTests.m */; };
		26BD118E1BABFCDA005F13B2 /* Accounts_ListUITests.m in Sources */ = {isa = PBXBuildFile; fileRef = 26BD118D1BABFCDA005F13B2 /* Accounts_ListUITests.m */; };
		26BD11A01BABFE0C005F13B2 /* AccountsListAssembly.m in Sources */ = {isa = PBXBuildFile; fileRef = 26BD119F1BABFE0C005F13B2 /* AccountsListAssembly.m */; settings = {ASSET_TAGS = (); }; };
		26BD11A31BABFE70005F13B2 /* Typhoon.framework in Frameworks */ = {isa = PBXBuildFile; fileRef = 26BD11A21BABFE70005F13B2 /* Typhoon.framework */; settings = {ASSET_TAGS = (); }; };
		26BD11A71BABFEA0005F13B2 /* Typhoon.framework.dSYM in CopyFiles */ = {isa = PBXBuildFile; fileRef = 26BD11A41BABFE7E005F13B2 /* Typhoon.framework.dSYM */; };
		26BD11B61BAC0BA4005F13B2 /* CommonModel.xcdatamodeld in Sources */ = {isa = PBXBuildFile; fileRef = 26BD11B41BAC0BA4005F13B2 /* CommonModel.xcdatamodeld */; settings = {ASSET_TAGS = (); }; };
		26BD11C21BAC0CEF005F13B2 /* CoreDataStore.m in Sources */ = {isa = PBXBuildFile; fileRef = 26BD11C11BAC0CEF005F13B2 /* CoreDataStore.m */; settings = {ASSET_TAGS = (); }; };
		26BD11C61BAC1025005F13B2 /* ErrorHelper.m in Sources */ = {isa = PBXBuildFile; fileRef = 26BD11C51BAC1025005F13B2 /* ErrorHelper.m */; settings = {ASSET_TAGS = (); }; };
		26BD11CB1BAC17E2005F13B2 /* Warnings.xcconfig in Resources */ = {isa = PBXBuildFile; fileRef = 26BD11CA1BAC17E2005F13B2 /* Warnings.xcconfig */; settings = {ASSET_TAGS = (); }; };
		26BD11CE1BAC3481005F13B2 /* AccountCoreDataManager.m in Sources */ = {isa = PBXBuildFile; fileRef = 26BD11CD1BAC3481005F13B2 /* AccountCoreDataManager.m */; settings = {ASSET_TAGS = (); }; };
		26BD11D01BAC3AC6005F13B2 /* AccountManager.m in Sources */ = {isa = PBXBuildFile; fileRef = 26BD11CF1BAC3AC6005F13B2 /* AccountManager.m */; settings = {ASSET_TAGS = (); }; };
/* End PBXBuildFile section */

/* Begin PBXContainerItemProxy section */
		26BD117F1BABFCDA005F13B2 /* PBXContainerItemProxy */ = {
			isa = PBXContainerItemProxy;
			containerPortal = 26BD115D1BABFCDA005F13B2 /* Project object */;
			proxyType = 1;
			remoteGlobalIDString = 26BD11641BABFCDA005F13B2;
			remoteInfo = "Accounts List";
		};
		26BD118A1BABFCDA005F13B2 /* PBXContainerItemProxy */ = {
			isa = PBXContainerItemProxy;
			containerPortal = 26BD115D1BABFCDA005F13B2 /* Project object */;
			proxyType = 1;
			remoteGlobalIDString = 26BD11641BABFCDA005F13B2;
			remoteInfo = "Accounts List";
		};
/* End PBXContainerItemProxy section */

/* Begin PBXCopyFilesBuildPhase section */
		26BD11A61BABFE95005F13B2 /* CopyFiles */ = {
			isa = PBXCopyFilesBuildPhase;
			buildActionMask = 2147483647;
			dstPath = "";
			dstSubfolderSpec = 16;
			files = (
				26BD11A71BABFEA0005F13B2 /* Typhoon.framework.dSYM in CopyFiles */,
			);
			runOnlyForDeploymentPostprocessing = 0;
		};
/* End PBXCopyFilesBuildPhase section */

/* Begin PBXFileReference section */
		260E067B1BB189C300C4D225 /* Account.h */ = {isa = PBXFileReference; fileEncoding = 4; lastKnownFileType = sourcecode.c.h; path = Account.h; sourceTree = "<group>"; };
		260E067C1BB189C300C4D225 /* Account.m */ = {isa = PBXFileReference; fileEncoding = 4; lastKnownFileType = sourcecode.c.objc; path = Account.m; sourceTree = "<group>"; };
		260E067D1BB189C300C4D225 /* Account+CoreDataProperties.h */ = {isa = PBXFileReference; fileEncoding = 4; lastKnownFileType = sourcecode.c.h; path = "Account+CoreDataProperties.h"; sourceTree = "<group>"; };
		260E067E1BB189C300C4D225 /* Account+CoreDataProperties.m */ = {isa = PBXFileReference; fileEncoding = 4; lastKnownFileType = sourcecode.c.objc; path = "Account+CoreDataProperties.m"; sourceTree = "<group>"; };
		260E06811BB189CD00C4D225 /* Service.h */ = {isa = PBXFileReference; fileEncoding = 4; lastKnownFileType = sourcecode.c.h; path = Service.h; sourceTree = "<group>"; };
		260E06821BB189CD00C4D225 /* Service.m */ = {isa = PBXFileReference; fileEncoding = 4; lastKnownFileType = sourcecode.c.objc; path = Service.m; sourceTree = "<group>"; };
		260E06831BB189CD00C4D225 /* Service+CoreDataProperties.h */ = {isa = PBXFileReference; fileEncoding = 4; lastKnownFileType = sourcecode.c.h; path = "Service+CoreDataProperties.h"; sourceTree = "<group>"; };
		260E06841BB189CD00C4D225 /* Service+CoreDataProperties.m */ = {isa = PBXFileReference; fileEncoding = 4; lastKnownFileType = sourcecode.c.objc; path = "Service+CoreDataProperties.m"; sourceTree = "<group>"; };
		260E068A1BB18F9D00C4D225 /* main.m */ = {isa = PBXFileReference; fileEncoding = 4; lastKnownFileType = sourcecode.c.objc; name = main.m; path = Application/main.m; sourceTree = "<group>"; };
		260E068E1BB2936300C4D225 /* CoreDataSource.h */ = {isa = PBXFileReference; fileEncoding = 4; lastKnownFileType = sourcecode.c.h; path = CoreDataSource.h; sourceTree = "<group>"; };
		260E068F1BB2936300C4D225 /* CoreDataSource.m */ = {isa = PBXFileReference; fileEncoding = 4; lastKnownFileType = sourcecode.c.objc; path = CoreDataSource.m; sourceTree = "<group>"; };
		262889BB1BB3EDBA00F87115 /* BaseTableViewController.h */ = {isa = PBXFileReference; fileEncoding = 4; lastKnownFileType = sourcecode.c.h; path = BaseTableViewController.h; sourceTree = "<group>"; };
		262889BC1BB3EDBA00F87115 /* BaseTableViewController.m */ = {isa = PBXFileReference; fileEncoding = 4; lastKnownFileType = sourcecode.c.objc; path = BaseTableViewController.m; sourceTree = "<group>"; };
		262889BE1BB3EF5100F87115 /* BaseCollectionViewController.h */ = {isa = PBXFileReference; fileEncoding = 4; lastKnownFileType = sourcecode.c.h; path = BaseCollectionViewController.h; sourceTree = "<group>"; };
		262889BF1BB3EF5100F87115 /* BaseCollectionViewController.m */ = {isa = PBXFileReference; fileEncoding = 4; lastKnownFileType = sourcecode.c.objc; path = BaseCollectionViewController.m; sourceTree = "<group>"; };
		269BC6B41BAC4829005A1DA3 /* AccountTableViewController.h */ = {isa = PBXFileReference; fileEncoding = 4; lastKnownFileType = sourcecode.c.h; path = AccountTableViewController.h; sourceTree = "<group>"; };
		269BC6B51BAC4829005A1DA3 /* AccountTableViewController.m */ = {isa = PBXFileReference; fileEncoding = 4; lastKnownFileType = sourcecode.c.objc; path = AccountTableViewController.m; sourceTree = "<group>"; };
		269BC6BF1BB03381005A1DA3 /* AccountTableViewCell.h */ = {isa = PBXFileReference; fileEncoding = 4; lastKnownFileType = sourcecode.c.h; path = AccountTableViewCell.h; sourceTree = "<group>"; };
		269BC6C01BB03381005A1DA3 /* AccountTableViewCell.m */ = {isa = PBXFileReference; fileEncoding = 4; lastKnownFileType = sourcecode.c.objc; path = AccountTableViewCell.m; sourceTree = "<group>"; };
		269BC6C21BB16692005A1DA3 /* ServicesCollectionViewController.h */ = {isa = PBXFileReference; fileEncoding = 4; lastKnownFileType = sourcecode.c.h; path = ServicesCollectionViewController.h; sourceTree = "<group>"; };
		269BC6C31BB16692005A1DA3 /* ServicesCollectionViewController.m */ = {isa = PBXFileReference; fileEncoding = 4; lastKnownFileType = sourcecode.c.objc; path = ServicesCollectionViewController.m; sourceTree = "<group>"; };
		269BC6C51BB17A65005A1DA3 /* DataManagement.h */ = {isa = PBXFileReference; lastKnownFileType = sourcecode.c.h; path = DataManagement.h; sourceTree = "<group>"; };
		269BC6C61BB17C07005A1DA3 /* ServiceManager.h */ = {isa = PBXFileReference; fileEncoding = 4; lastKnownFileType = sourcecode.c.h; path = ServiceManager.h; sourceTree = "<group>"; };
		269BC6C71BB17C07005A1DA3 /* ServiceManager.m */ = {isa = PBXFileReference; fileEncoding = 4; lastKnownFileType = sourcecode.c.objc; path = ServiceManager.m; sourceTree = "<group>"; };
		269BC6C91BB17E9C005A1DA3 /* ServiceCoreDataManager.h */ = {isa = PBXFileReference; fileEncoding = 4; lastKnownFileType = sourcecode.c.h; path = ServiceCoreDataManager.h; sourceTree = "<group>"; };
		269BC6CA1BB17E9C005A1DA3 /* ServiceCoreDataManager.m */ = {isa = PBXFileReference; fileEncoding = 4; lastKnownFileType = sourcecode.c.objc; path = ServiceCoreDataManager.m; sourceTree = "<group>"; };
		26BD11651BABFCDA005F13B2 /* Accounts List.app */ = {isa = PBXFileReference; explicitFileType = wrapper.application; includeInIndex = 0; path = "Accounts List.app"; sourceTree = BUILT_PRODUCTS_DIR; };
		26BD116B1BABFCDA005F13B2 /* AppDelegate.h */ = {isa = PBXFileReference; lastKnownFileType = sourcecode.c.h; name = AppDelegate.h; path = Application/AppDelegate.h; sourceTree = "<group>"; };
		26BD116C1BABFCDA005F13B2 /* AppDelegate.m */ = {isa = PBXFileReference; lastKnownFileType = sourcecode.c.objc; name = AppDelegate.m; path = Application/AppDelegate.m; sourceTree = "<group>"; };
		26BD11721BABFCDA005F13B2 /* Base */ = {isa = PBXFileReference; lastKnownFileType = file.storyboard; name = Base; path = Base.lproj/Main.storyboard; sourceTree = "<group>"; };
		26BD11741BABFCDA005F13B2 /* Assets.xcassets */ = {isa = PBXFileReference; lastKnownFileType = folder.assetcatalog; path = Assets.xcassets; sourceTree = "<group>"; };
		26BD11771BABFCDA005F13B2 /* Base */ = {isa = PBXFileReference; lastKnownFileType = file.storyboard; name = Base; path = Base.lproj/LaunchScreen.storyboard; sourceTree = "<group>"; };
		26BD11791BABFCDA005F13B2 /* Info.plist */ = {isa = PBXFileReference; lastKnownFileType = text.plist.xml; name = Info.plist; path = Application/Info.plist; sourceTree = "<group>"; };
		26BD117E1BABFCDA005F13B2 /* Accounts ListTests.xctest */ = {isa = PBXFileReference; explicitFileType = wrapper.cfbundle; includeInIndex = 0; path = "Accounts ListTests.xctest"; sourceTree = BUILT_PRODUCTS_DIR; };
		26BD11821BABFCDA005F13B2 /* Accounts_ListTests.m */ = {isa = PBXFileReference; lastKnownFileType = sourcecode.c.objc; path = Accounts_ListTests.m; sourceTree = "<group>"; };
		26BD11841BABFCDA005F13B2 /* Info.plist */ = {isa = PBXFileReference; lastKnownFileType = text.plist.xml; path = Info.plist; sourceTree = "<group>"; };
		26BD11891BABFCDA005F13B2 /* Accounts ListUITests.xctest */ = {isa = PBXFileReference; explicitFileType = wrapper.cfbundle; includeInIndex = 0; path = "Accounts ListUITests.xctest"; sourceTree = BUILT_PRODUCTS_DIR; };
		26BD118D1BABFCDA005F13B2 /* Accounts_ListUITests.m */ = {isa = PBXFileReference; lastKnownFileType = sourcecode.c.objc; path = Accounts_ListUITests.m; sourceTree = "<group>"; };
		26BD118F1BABFCDA005F13B2 /* Info.plist */ = {isa = PBXFileReference; lastKnownFileType = text.plist.xml; path = Info.plist; sourceTree = "<group>"; };
		26BD119E1BABFE0C005F13B2 /* AccountsListAssembly.h */ = {isa = PBXFileReference; fileEncoding = 4; lastKnownFileType = sourcecode.c.h; path = AccountsListAssembly.h; sourceTree = "<group>"; };
		26BD119F1BABFE0C005F13B2 /* AccountsListAssembly.m */ = {isa = PBXFileReference; fileEncoding = 4; lastKnownFileType = sourcecode.c.objc; path = AccountsListAssembly.m; sourceTree = "<group>"; };
		26BD11A21BABFE70005F13B2 /* Typhoon.framework */ = {isa = PBXFileReference; lastKnownFileType = wrapper.framework; name = Typhoon.framework; path = Carthage/Build/iOS/Typhoon.framework; sourceTree = "<group>"; };
		26BD11A41BABFE7E005F13B2 /* Typhoon.framework.dSYM */ = {isa = PBXFileReference; lastKnownFileType = wrapper.dsym; name = Typhoon.framework.dSYM; path = Carthage/Build/iOS/Typhoon.framework.dSYM; sourceTree = "<group>"; };
		26BD11AF1BAC091E005F13B2 /* AccountManager.h */ = {isa = PBXFileReference; fileEncoding = 4; lastKnownFileType = sourcecode.c.h; path = AccountManager.h; sourceTree = "<group>"; };
		26BD11B51BAC0BA4005F13B2 /* CommonModel.xcdatamodel */ = {isa = PBXFileReference; lastKnownFileType = wrapper.xcdatamodel; path = CommonModel.xcdatamodel; sourceTree = "<group>"; };
		26BD11C01BAC0CEF005F13B2 /* CoreDataStore.h */ = {isa = PBXFileReference; fileEncoding = 4; lastKnownFileType = sourcecode.c.h; path = CoreDataStore.h; sourceTree = "<group>"; };
		26BD11C11BAC0CEF005F13B2 /* CoreDataStore.m */ = {isa = PBXFileReference; fileEncoding = 4; lastKnownFileType = sourcecode.c.objc; path = CoreDataStore.m; sourceTree = "<group>"; };
		26BD11C41BAC1025005F13B2 /* ErrorHelper.h */ = {isa = PBXFileReference; fileEncoding = 4; lastKnownFileType = sourcecode.c.h; path = ErrorHelper.h; sourceTree = "<group>"; };
		26BD11C51BAC1025005F13B2 /* ErrorHelper.m */ = {isa = PBXFileReference; fileEncoding = 4; lastKnownFileType = sourcecode.c.objc; path = ErrorHelper.m; sourceTree = "<group>"; };
		26BD11C71BAC137F005F13B2 /* Common.h */ = {isa = PBXFileReference; lastKnownFileType = sourcecode.c.h; path = Common.h; sourceTree = "<group>"; };
		26BD11C81BAC1593005F13B2 /* DataStore.h */ = {isa = PBXFileReference; fileEncoding = 4; lastKnownFileType = sourcecode.c.h; path = DataStore.h; sourceTree = "<group>"; };
		26BD11CA1BAC17E2005F13B2 /* Warnings.xcconfig */ = {isa = PBXFileReference; fileEncoding = 4; lastKnownFileType = text.xcconfig; name = Warnings.xcconfig; path = Application/Warnings.xcconfig; sourceTree = "<group>"; };
		26BD11CC1BAC3481005F13B2 /* AccountCoreDataManager.h */ = {isa = PBXFileReference; fileEncoding = 4; lastKnownFileType = sourcecode.c.h; path = AccountCoreDataManager.h; sourceTree = "<group>"; };
		26BD11CD1BAC3481005F13B2 /* AccountCoreDataManager.m */ = {isa = PBXFileReference; fileEncoding = 4; lastKnownFileType = sourcecode.c.objc; path = AccountCoreDataManager.m; sourceTree = "<group>"; };
		26BD11CF1BAC3AC6005F13B2 /* AccountManager.m */ = {isa = PBXFileReference; fileEncoding = 4; lastKnownFileType = sourcecode.c.objc; path = AccountManager.m; sourceTree = "<group>"; };
/* End PBXFileReference section */

/* Begin PBXFrameworksBuildPhase section */
		26BD11621BABFCDA005F13B2 /* Frameworks */ = {
			isa = PBXFrameworksBuildPhase;
			buildActionMask = 2147483647;
			files = (
				26BD11A31BABFE70005F13B2 /* Typhoon.framework in Frameworks */,
			);
			runOnlyForDeploymentPostprocessing = 0;
		};
		26BD117B1BABFCDA005F13B2 /* Frameworks */ = {
			isa = PBXFrameworksBuildPhase;
			buildActionMask = 2147483647;
			files = (
			);
			runOnlyForDeploymentPostprocessing = 0;
		};
		26BD11861BABFCDA005F13B2 /* Frameworks */ = {
			isa = PBXFrameworksBuildPhase;
			buildActionMask = 2147483647;
			files = (
			);
			runOnlyForDeploymentPostprocessing = 0;
		};
/* End PBXFrameworksBuildPhase section */

/* Begin PBXGroup section */
		260E06941BB2A72400C4D225 /* Data sources */ = {
			isa = PBXGroup;
			children = (
				260E068E1BB2936300C4D225 /* CoreDataSource.h */,
				260E068F1BB2936300C4D225 /* CoreDataSource.m */,
			);
			name = "Data sources";
			path = "Accounts List/Models/Data/Data sources";
			sourceTree = SOURCE_ROOT;
		};
		260E06951BB2CAD800C4D225 /* Data */ = {
			isa = PBXGroup;
			children = (
				26BD11C91BAC161F005F13B2 /* Data managers */,
				26BD11B71BAC0BCF005F13B2 /* Data models */,
				260E06941BB2A72400C4D225 /* Data sources */,
				26BD11BF1BAC0CBF005F13B2 /* Data stores */,
				26BD11B81BAC0BDE005F13B2 /* Managed objects */,
			);
			path = Data;
			sourceTree = "<group>";
		};
		260E06961BB2CB7400C4D225 /* Loaders */ = {
			isa = PBXGroup;
			children = (
			);
			path = Loaders;
			sourceTree = "<group>";
		};
		262889B91BB3EBCC00F87115 /* Library */ = {
			isa = PBXGroup;
			children = (
				26BD119D1BABFDEA005F13B2 /* Assembly */,
				26BD11C31BAC1008005F13B2 /* Helpers */,
				26BD11A91BABFFA0005F13B2 /* Protocols */,
				262889BA1BB3EC2000F87115 /* Base classes */,
				26BD119C1BABFD07005F13B2 /* Resources */,
			);
			path = Library;
			sourceTree = "<group>";
		};
		262889BA1BB3EC2000F87115 /* Base classes */ = {
			isa = PBXGroup;
			children = (
				262889BE1BB3EF5100F87115 /* BaseCollectionViewController.h */,
				262889BF1BB3EF5100F87115 /* BaseCollectionViewController.m */,
				262889BB1BB3EDBA00F87115 /* BaseTableViewController.h */,
				262889BC1BB3EDBA00F87115 /* BaseTableViewController.m */,
			);
			path = "Base classes";
			sourceTree = "<group>";
		};
		269BC6B31BAC47DD005A1DA3 /* Controllers */ = {
			isa = PBXGroup;
			children = (
				269BC6B41BAC4829005A1DA3 /* AccountTableViewController.h */,
				269BC6B51BAC4829005A1DA3 /* AccountTableViewController.m */,
				269BC6C21BB16692005A1DA3 /* ServicesCollectionViewController.h */,
				269BC6C31BB16692005A1DA3 /* ServicesCollectionViewController.m */,
			);
			path = Controllers;
			sourceTree = "<group>";
		};
		269BC6BE1BB03371005A1DA3 /* Views */ = {
			isa = PBXGroup;
			children = (
				269BC6BF1BB03381005A1DA3 /* AccountTableViewCell.h */,
				269BC6C01BB03381005A1DA3 /* AccountTableViewCell.m */,
			);
			path = Views;
			sourceTree = "<group>";
		};
		26BD115C1BABFCDA005F13B2 = {
			isa = PBXGroup;
			children = (
				26BD11671BABFCDA005F13B2 /* Accounts List */,
				26BD11811BABFCDA005F13B2 /* Accounts ListTests */,
				26BD118C1BABFCDA005F13B2 /* Accounts ListUITests */,
				26BD11A11BABFE5A005F13B2 /* Frameworks */,
				26BD11661BABFCDA005F13B2 /* Products */,
			);
			sourceTree = "<group>";
		};
		26BD11661BABFCDA005F13B2 /* Products */ = {
			isa = PBXGroup;
			children = (
				26BD11651BABFCDA005F13B2 /* Accounts List.app */,
				26BD117E1BABFCDA005F13B2 /* Accounts ListTests.xctest */,
				26BD11891BABFCDA005F13B2 /* Accounts ListUITests.xctest */,
			);
			name = Products;
			sourceTree = "<group>";
		};
		26BD11671BABFCDA005F13B2 /* Accounts List */ = {
			isa = PBXGroup;
			children = (
				269BC6BE1BB03371005A1DA3 /* Views */,
				269BC6B31BAC47DD005A1DA3 /* Controllers */,
				26BD11B21BAC0B66005F13B2 /* Models */,
				262889B91BB3EBCC00F87115 /* Library */,
				26BD119B1BABFCFE005F13B2 /* Application */,
			);
			path = "Accounts List";
			sourceTree = "<group>";
		};
		26BD11811BABFCDA005F13B2 /* Accounts ListTests */ = {
			isa = PBXGroup;
			children = (
				26BD11821BABFCDA005F13B2 /* Accounts_ListTests.m */,
				26BD11841BABFCDA005F13B2 /* Info.plist */,
			);
			path = "Accounts ListTests";
			sourceTree = "<group>";
		};
		26BD118C1BABFCDA005F13B2 /* Accounts ListUITests */ = {
			isa = PBXGroup;
			children = (
				26BD118D1BABFCDA005F13B2 /* Accounts_ListUITests.m */,
				26BD118F1BABFCDA005F13B2 /* Info.plist */,
			);
			path = "Accounts ListUITests";
			sourceTree = "<group>";
		};
		26BD119B1BABFCFE005F13B2 /* Application */ = {
			isa = PBXGroup;
			children = (
				26BD116B1BABFCDA005F13B2 /* AppDelegate.h */,
				26BD116C1BABFCDA005F13B2 /* AppDelegate.m */,
				260E068A1BB18F9D00C4D225 /* main.m */,
				26BD11791BABFCDA005F13B2 /* Info.plist */,
				26BD11CA1BAC17E2005F13B2 /* Warnings.xcconfig */,
			);
			name = Application;
			sourceTree = "<group>";
		};
		26BD119C1BABFD07005F13B2 /* Resources */ = {
			isa = PBXGroup;
			children = (
				26BD11711BABFCDA005F13B2 /* Main.storyboard */,
				26BD11741BABFCDA005F13B2 /* Assets.xcassets */,
				26BD11761BABFCDA005F13B2 /* LaunchScreen.storyboard */,
			);
			path = Resources;
			sourceTree = "<group>";
		};
		26BD119D1BABFDEA005F13B2 /* Assembly */ = {
			isa = PBXGroup;
			children = (
				26BD119E1BABFE0C005F13B2 /* AccountsListAssembly.h */,
				26BD119F1BABFE0C005F13B2 /* AccountsListAssembly.m */,
			);
			path = Assembly;
			sourceTree = "<group>";
		};
		26BD11A11BABFE5A005F13B2 /* Frameworks */ = {
			isa = PBXGroup;
			children = (
				26BD11A21BABFE70005F13B2 /* Typhoon.framework */,
				26BD11A41BABFE7E005F13B2 /* Typhoon.framework.dSYM */,
			);
			name = Frameworks;
			sourceTree = "<group>";
		};
		26BD11A91BABFFA0005F13B2 /* Protocols */ = {
			isa = PBXGroup;
			children = (
				26BD11C71BAC137F005F13B2 /* Common.h */,
				269BC6C51BB17A65005A1DA3 /* DataManagement.h */,
			);
			path = Protocols;
			sourceTree = "<group>";
		};
		26BD11B21BAC0B66005F13B2 /* Models */ = {
			isa = PBXGroup;
			children = (
				260E06951BB2CAD800C4D225 /* Data */,
				260E06961BB2CB7400C4D225 /* Loaders */,
			);
			path = Models;
			sourceTree = "<group>";
		};
		26BD11B71BAC0BCF005F13B2 /* Data models */ = {
			isa = PBXGroup;
			children = (
				26BD11B41BAC0BA4005F13B2 /* CommonModel.xcdatamodeld */,
			);
			name = "Data models";
			path = "Accounts List/Models/Data/Data models";
			sourceTree = SOURCE_ROOT;
		};
		26BD11B81BAC0BDE005F13B2 /* Managed objects */ = {
			isa = PBXGroup;
			children = (
				260E067B1BB189C300C4D225 /* Account.h */,
				260E067C1BB189C300C4D225 /* Account.m */,
				260E067D1BB189C300C4D225 /* Account+CoreDataProperties.h */,
				260E067E1BB189C300C4D225 /* Account+CoreDataProperties.m */,
				260E06811BB189CD00C4D225 /* Service.h */,
				260E06821BB189CD00C4D225 /* Service.m */,
				260E06831BB189CD00C4D225 /* Service+CoreDataProperties.h */,
				260E06841BB189CD00C4D225 /* Service+CoreDataProperties.m */,
			);
			path = "Managed objects";
			sourceTree = "<group>";
		};
		26BD11BF1BAC0CBF005F13B2 /* Data stores */ = {
			isa = PBXGroup;
			children = (
				26BD11C81BAC1593005F13B2 /* DataStore.h */,
				26BD11C01BAC0CEF005F13B2 /* CoreDataStore.h */,
				26BD11C11BAC0CEF005F13B2 /* CoreDataStore.m */,
			);
			name = "Data stores";
			path = "Accounts List/Models/Data/Data stores";
			sourceTree = SOURCE_ROOT;
		};
		26BD11C31BAC1008005F13B2 /* Helpers */ = {
			isa = PBXGroup;
			children = (
				26BD11C41BAC1025005F13B2 /* ErrorHelper.h */,
				26BD11C51BAC1025005F13B2 /* ErrorHelper.m */,
			);
			path = Helpers;
			sourceTree = "<group>";
		};
		26BD11C91BAC161F005F13B2 /* Data managers */ = {
			isa = PBXGroup;
			children = (
				26BD11AF1BAC091E005F13B2 /* AccountManager.h */,
				26BD11CF1BAC3AC6005F13B2 /* AccountManager.m */,
				26BD11CC1BAC3481005F13B2 /* AccountCoreDataManager.h */,
				26BD11CD1BAC3481005F13B2 /* AccountCoreDataManager.m */,
				269BC6C61BB17C07005A1DA3 /* ServiceManager.h */,
				269BC6C71BB17C07005A1DA3 /* ServiceManager.m */,
				269BC6C91BB17E9C005A1DA3 /* ServiceCoreDataManager.h */,
				269BC6CA1BB17E9C005A1DA3 /* ServiceCoreDataManager.m */,
			);
			name = "Data managers";
			path = "Accounts List/Models/Data/Data managers";
			sourceTree = SOURCE_ROOT;
		};
/* End PBXGroup section */

/* Begin PBXNativeTarget section */
		26BD11641BABFCDA005F13B2 /* Accounts List */ = {
			isa = PBXNativeTarget;
			buildConfigurationList = 26BD11921BABFCDA005F13B2 /* Build configuration list for PBXNativeTarget "Accounts List" */;
			buildPhases = (
				26BD11611BABFCDA005F13B2 /* Sources */,
				26BD11621BABFCDA005F13B2 /* Frameworks */,
				26BD11631BABFCDA005F13B2 /* Resources */,
				26BD11A61BABFE95005F13B2 /* CopyFiles */,
				26BD11A81BABFEA6005F13B2 /* ShellScript */,
			);
			buildRules = (
			);
			dependencies = (
			);
			name = "Accounts List";
			productName = "Accounts List";
			productReference = 26BD11651BABFCDA005F13B2 /* Accounts List.app */;
			productType = "com.apple.product-type.application";
		};
		26BD117D1BABFCDA005F13B2 /* Accounts ListTests */ = {
			isa = PBXNativeTarget;
			buildConfigurationList = 26BD11951BABFCDA005F13B2 /* Build configuration list for PBXNativeTarget "Accounts ListTests" */;
			buildPhases = (
				26BD117A1BABFCDA005F13B2 /* Sources */,
				26BD117B1BABFCDA005F13B2 /* Frameworks */,
				26BD117C1BABFCDA005F13B2 /* Resources */,
			);
			buildRules = (
			);
			dependencies = (
				26BD11801BABFCDA005F13B2 /* PBXTargetDependency */,
			);
			name = "Accounts ListTests";
			productName = "Accounts ListTests";
			productReference = 26BD117E1BABFCDA005F13B2 /* Accounts ListTests.xctest */;
			productType = "com.apple.product-type.bundle.unit-test";
		};
		26BD11881BABFCDA005F13B2 /* Accounts ListUITests */ = {
			isa = PBXNativeTarget;
			buildConfigurationList = 26BD11981BABFCDA005F13B2 /* Build configuration list for PBXNativeTarget "Accounts ListUITests" */;
			buildPhases = (
				26BD11851BABFCDA005F13B2 /* Sources */,
				26BD11861BABFCDA005F13B2 /* Frameworks */,
				26BD11871BABFCDA005F13B2 /* Resources */,
			);
			buildRules = (
			);
			dependencies = (
				26BD118B1BABFCDA005F13B2 /* PBXTargetDependency */,
			);
			name = "Accounts ListUITests";
			productName = "Accounts ListUITests";
			productReference = 26BD11891BABFCDA005F13B2 /* Accounts ListUITests.xctest */;
			productType = "com.apple.product-type.bundle.ui-testing";
		};
/* End PBXNativeTarget section */

/* Begin PBXProject section */
		26BD115D1BABFCDA005F13B2 /* Project object */ = {
			isa = PBXProject;
			attributes = {
				LastUpgradeCheck = 0700;
				ORGANIZATIONNAME = "Akademon Ltd.";
				TargetAttributes = {
					26BD11641BABFCDA005F13B2 = {
						CreatedOnToolsVersion = 7.0;
						DevelopmentTeam = Y24464MUL3;
					};
					26BD117D1BABFCDA005F13B2 = {
						CreatedOnToolsVersion = 7.0;
						TestTargetID = 26BD11641BABFCDA005F13B2;
					};
					26BD11881BABFCDA005F13B2 = {
						CreatedOnToolsVersion = 7.0;
						TestTargetID = 26BD11641BABFCDA005F13B2;
					};
				};
			};
			buildConfigurationList = 26BD11601BABFCDA005F13B2 /* Build configuration list for PBXProject "Accounts List" */;
			compatibilityVersion = "Xcode 3.2";
			developmentRegion = English;
			hasScannedForEncodings = 0;
			knownRegions = (
				en,
				Base,
			);
			mainGroup = 26BD115C1BABFCDA005F13B2;
			productRefGroup = 26BD11661BABFCDA005F13B2 /* Products */;
			projectDirPath = "";
			projectRoot = "";
			targets = (
				26BD11641BABFCDA005F13B2 /* Accounts List */,
				26BD117D1BABFCDA005F13B2 /* Accounts ListTests */,
				26BD11881BABFCDA005F13B2 /* Accounts ListUITests */,
			);
		};
/* End PBXProject section */

/* Begin PBXResourcesBuildPhase section */
		26BD11631BABFCDA005F13B2 /* Resources */ = {
			isa = PBXResourcesBuildPhase;
			buildActionMask = 2147483647;
			files = (
				26BD11781BABFCDA005F13B2 /* LaunchScreen.storyboard in Resources */,
				26BD11CB1BAC17E2005F13B2 /* Warnings.xcconfig in Resources */,
				26BD11751BABFCDA005F13B2 /* Assets.xcassets in Resources */,
				26BD11731BABFCDA005F13B2 /* Main.storyboard in Resources */,
			);
			runOnlyForDeploymentPostprocessing = 0;
		};
		26BD117C1BABFCDA005F13B2 /* Resources */ = {
			isa = PBXResourcesBuildPhase;
			buildActionMask = 2147483647;
			files = (
			);
			runOnlyForDeploymentPostprocessing = 0;
		};
		26BD11871BABFCDA005F13B2 /* Resources */ = {
			isa = PBXResourcesBuildPhase;
			buildActionMask = 2147483647;
			files = (
			);
			runOnlyForDeploymentPostprocessing = 0;
		};
/* End PBXResourcesBuildPhase section */

/* Begin PBXShellScriptBuildPhase section */
		26BD11A81BABFEA6005F13B2 /* ShellScript */ = {
			isa = PBXShellScriptBuildPhase;
			buildActionMask = 2147483647;
			files = (
			);
			inputPaths = (
				"$(SRCROOT)/Carthage/Build/iOS/Typhoon.framework",
			);
			outputPaths = (
			);
			runOnlyForDeploymentPostprocessing = 0;
			shellPath = /bin/sh;
			shellScript = "/usr/local/bin/carthage copy-frameworks";
		};
/* End PBXShellScriptBuildPhase section */

/* Begin PBXSourcesBuildPhase section */
		26BD11611BABFCDA005F13B2 /* Sources */ = {
			isa = PBXSourcesBuildPhase;
			buildActionMask = 2147483647;
			files = (
				26BD11C21BAC0CEF005F13B2 /* CoreDataStore.m in Sources */,
				26BD11B61BAC0BA4005F13B2 /* CommonModel.xcdatamodeld in Sources */,
				26BD116D1BABFCDA005F13B2 /* AppDelegate.m in Sources */,
				262889C01BB3EF5100F87115 /* BaseCollectionViewController.m in Sources */,
				260E06851BB189CD00C4D225 /* Service.m in Sources */,
				262889BD1BB3EDBA00F87115 /* BaseTableViewController.m in Sources */,
				260E067F1BB189C300C4D225 /* Account.m in Sources */,
				269BC6C81BB17C07005A1DA3 /* ServiceManager.m in Sources */,
				260E068D1BB18FE100C4D225 /* Account+CoreDataProperties.m in Sources */,
				269BC6C11BB03381005A1DA3 /* AccountTableViewCell.m in Sources */,
				26BD11C61BAC1025005F13B2 /* ErrorHelper.m in Sources */,
				26BD11CE1BAC3481005F13B2 /* AccountCoreDataManager.m in Sources */,
				269BC6C41BB16692005A1DA3 /* ServicesCollectionViewController.m in Sources */,
				260E06901BB2936300C4D225 /* CoreDataSource.m in Sources */,
				269BC6B61BAC4829005A1DA3 /* AccountTableViewController.m in Sources */,
				26BD11A01BABFE0C005F13B2 /* AccountsListAssembly.m in Sources */,
				26BD11D01BAC3AC6005F13B2 /* AccountManager.m in Sources */,
				269BC6CB1BB17E9C005A1DA3 /* ServiceCoreDataManager.m in Sources */,
				260E06861BB189CD00C4D225 /* Service+CoreDataProperties.m in Sources */,
				260E068B1BB18F9D00C4D225 /* main.m in Sources */,
			);
			runOnlyForDeploymentPostprocessing = 0;
		};
		26BD117A1BABFCDA005F13B2 /* Sources */ = {
			isa = PBXSourcesBuildPhase;
			buildActionMask = 2147483647;
			files = (
				26BD11831BABFCDA005F13B2 /* Accounts_ListTests.m in Sources */,
			);
			runOnlyForDeploymentPostprocessing = 0;
		};
		26BD11851BABFCDA005F13B2 /* Sources */ = {
			isa = PBXSourcesBuildPhase;
			buildActionMask = 2147483647;
			files = (
				26BD118E1BABFCDA005F13B2 /* Accounts_ListUITests.m in Sources */,
			);
			runOnlyForDeploymentPostprocessing = 0;
		};
/* End PBXSourcesBuildPhase section */

/* Begin PBXTargetDependency section */
		26BD11801BABFCDA005F13B2 /* PBXTargetDependency */ = {
			isa = PBXTargetDependency;
			target = 26BD11641BABFCDA005F13B2 /* Accounts List */;
			targetProxy = 26BD117F1BABFCDA005F13B2 /* PBXContainerItemProxy */;
		};
		26BD118B1BABFCDA005F13B2 /* PBXTargetDependency */ = {
			isa = PBXTargetDependency;
			target = 26BD11641BABFCDA005F13B2 /* Accounts List */;
			targetProxy = 26BD118A1BABFCDA005F13B2 /* PBXContainerItemProxy */;
		};
/* End PBXTargetDependency section */

/* Begin PBXVariantGroup section */
		26BD11711BABFCDA005F13B2 /* Main.storyboard */ = {
			isa = PBXVariantGroup;
			children = (
				26BD11721BABFCDA005F13B2 /* Base */,
			);
			name = Main.storyboard;
			sourceTree = "<group>";
		};
		26BD11761BABFCDA005F13B2 /* LaunchScreen.storyboard */ = {
			isa = PBXVariantGroup;
			children = (
				26BD11771BABFCDA005F13B2 /* Base */,
			);
			name = LaunchScreen.storyboard;
			sourceTree = "<group>";
		};
/* End PBXVariantGroup section */

/* Begin XCBuildConfiguration section */
		26BD11901BABFCDA005F13B2 /* Debug */ = {
			isa = XCBuildConfiguration;
			baseConfigurationReference = 26BD11CA1BAC17E2005F13B2 /* Warnings.xcconfig */;
			buildSettings = {
				ALWAYS_SEARCH_USER_PATHS = NO;
				CLANG_CXX_LANGUAGE_STANDARD = "gnu++0x";
				CLANG_CXX_LIBRARY = "libc++";
				CLANG_ENABLE_MODULES = YES;
				CLANG_ENABLE_OBJC_ARC = YES;
				CLANG_WARN_BOOL_CONVERSION = YES;
				CLANG_WARN_CONSTANT_CONVERSION = YES;
				CLANG_WARN_DIRECT_OBJC_ISA_USAGE = YES_ERROR;
				CLANG_WARN_EMPTY_BODY = YES;
				CLANG_WARN_ENUM_CONVERSION = YES;
				CLANG_WARN_INT_CONVERSION = YES;
				CLANG_WARN_OBJC_ROOT_CLASS = YES_ERROR;
				CLANG_WARN_UNREACHABLE_CODE = YES;
				CLANG_WARN__DUPLICATE_METHOD_MATCH = YES;
				"CODE_SIGN_IDENTITY[sdk=iphoneos*]" = "iPhone Developer";
				COPY_PHASE_STRIP = NO;
				DEBUG_INFORMATION_FORMAT = dwarf;
				ENABLE_STRICT_OBJC_MSGSEND = YES;
				ENABLE_TESTABILITY = YES;
				GCC_C_LANGUAGE_STANDARD = gnu99;
				GCC_DYNAMIC_NO_PIC = NO;
				GCC_NO_COMMON_BLOCKS = YES;
				GCC_OPTIMIZATION_LEVEL = 0;
				GCC_PREPROCESSOR_DEFINITIONS = (
					"DEBUG=1",
					"$(inherited)",
				);
				GCC_WARN_64_TO_32_BIT_CONVERSION = YES;
				GCC_WARN_ABOUT_RETURN_TYPE = YES_ERROR;
				GCC_WARN_UNDECLARED_SELECTOR = YES;
				GCC_WARN_UNINITIALIZED_AUTOS = YES_AGGRESSIVE;
				GCC_WARN_UNUSED_FUNCTION = YES;
				GCC_WARN_UNUSED_VARIABLE = YES;
				IPHONEOS_DEPLOYMENT_TARGET = 9.0;
				MTL_ENABLE_DEBUG_INFO = YES;
				ONLY_ACTIVE_ARCH = YES;
				SDKROOT = iphoneos;
				TARGETED_DEVICE_FAMILY = "1,2";
			};
			name = Debug;
		};
		26BD11911BABFCDA005F13B2 /* Release */ = {
			isa = XCBuildConfiguration;
			buildSettings = {
				ALWAYS_SEARCH_USER_PATHS = NO;
				CLANG_CXX_LANGUAGE_STANDARD = "gnu++0x";
				CLANG_CXX_LIBRARY = "libc++";
				CLANG_ENABLE_MODULES = YES;
				CLANG_ENABLE_OBJC_ARC = YES;
				CLANG_WARN_BOOL_CONVERSION = YES;
				CLANG_WARN_CONSTANT_CONVERSION = YES;
				CLANG_WARN_DIRECT_OBJC_ISA_USAGE = YES_ERROR;
				CLANG_WARN_EMPTY_BODY = YES;
				CLANG_WARN_ENUM_CONVERSION = YES;
				CLANG_WARN_INT_CONVERSION = YES;
				CLANG_WARN_OBJC_ROOT_CLASS = YES_ERROR;
				CLANG_WARN_UNREACHABLE_CODE = YES;
				CLANG_WARN__DUPLICATE_METHOD_MATCH = YES;
				"CODE_SIGN_IDENTITY[sdk=iphoneos*]" = "iPhone Developer";
				COPY_PHASE_STRIP = NO;
				DEBUG_INFORMATION_FORMAT = "dwarf-with-dsym";
				ENABLE_NS_ASSERTIONS = NO;
				ENABLE_STRICT_OBJC_MSGSEND = YES;
				GCC_C_LANGUAGE_STANDARD = gnu99;
				GCC_NO_COMMON_BLOCKS = YES;
				GCC_WARN_64_TO_32_BIT_CONVERSION = YES;
				GCC_WARN_ABOUT_RETURN_TYPE = YES_ERROR;
				GCC_WARN_UNDECLARED_SELECTOR = YES;
				GCC_WARN_UNINITIALIZED_AUTOS = YES_AGGRESSIVE;
				GCC_WARN_UNUSED_FUNCTION = YES;
				GCC_WARN_UNUSED_VARIABLE = YES;
				IPHONEOS_DEPLOYMENT_TARGET = 9.0;
				MTL_ENABLE_DEBUG_INFO = NO;
				SDKROOT = iphoneos;
				TARGETED_DEVICE_FAMILY = "1,2";
				VALIDATE_PRODUCT = YES;
			};
			name = Release;
		};
		26BD11931BABFCDA005F13B2 /* Debug */ = {
			isa = XCBuildConfiguration;
			buildSettings = {
				ASSETCATALOG_COMPILER_APPICON_NAME = AppIcon;
				ASSETCATALOG_COMPILER_LAUNCHIMAGE_NAME = BrandAsset;
				CODE_SIGN_IDENTITY = "iPhone Developer";
				"CODE_SIGN_IDENTITY[sdk=iphoneos*]" = "iPhone Developer";
				FRAMEWORK_SEARCH_PATHS = (
					"$(inherited)",
					"$(PROJECT_DIR)/Carthage/Build/iOS",
				);
				INFOPLIST_FILE = "Accounts List/Application/Info.plist";
				LD_RUNPATH_SEARCH_PATHS = "$(inherited) @executable_path/Frameworks";
				PRODUCT_BUNDLE_IDENTIFIER = "ru.akademon.Accounts-List";
				PRODUCT_NAME = "$(TARGET_NAME)";
				PROVISIONING_PROFILE = "";
			};
			name = Debug;
		};
		26BD11941BABFCDA005F13B2 /* Release */ = {
			isa = XCBuildConfiguration;
			buildSettings = {
				ASSETCATALOG_COMPILER_APPICON_NAME = AppIcon;
				ASSETCATALOG_COMPILER_LAUNCHIMAGE_NAME = BrandAsset;
				CODE_SIGN_IDENTITY = "iPhone Developer";
				"CODE_SIGN_IDENTITY[sdk=iphoneos*]" = "iPhone Developer";
				FRAMEWORK_SEARCH_PATHS = (
					"$(inherited)",
					"$(PROJECT_DIR)/Carthage/Build/iOS",
				);
				INFOPLIST_FILE = "Accounts List/Application/Info.plist";
				LD_RUNPATH_SEARCH_PATHS = "$(inherited) @executable_path/Frameworks";
				PRODUCT_BUNDLE_IDENTIFIER = "ru.akademon.Accounts-List";
				PRODUCT_NAME = "$(TARGET_NAME)";
				PROVISIONING_PROFILE = "";
			};
			name = Release;
		};
		26BD11961BABFCDA005F13B2 /* Debug */ = {
			isa = XCBuildConfiguration;
			buildSettings = {
				BUNDLE_LOADER = "$(TEST_HOST)";
				INFOPLIST_FILE = "Accounts ListTests/Info.plist";
				LD_RUNPATH_SEARCH_PATHS = "$(inherited) @executable_path/Frameworks @loader_path/Frameworks";
				PRODUCT_BUNDLE_IDENTIFIER = "ru.akademon.Accounts-ListTests";
				PRODUCT_NAME = "$(TARGET_NAME)";
				TEST_HOST = "$(BUILT_PRODUCTS_DIR)/Accounts List.app/Accounts List";
			};
			name = Debug;
		};
		26BD11971BABFCDA005F13B2 /* Release */ = {
			isa = XCBuildConfiguration;
			buildSettings = {
				BUNDLE_LOADER = "$(TEST_HOST)";
				INFOPLIST_FILE = "Accounts ListTests/Info.plist";
				LD_RUNPATH_SEARCH_PATHS = "$(inherited) @executable_path/Frameworks @loader_path/Frameworks";
				PRODUCT_BUNDLE_IDENTIFIER = "ru.akademon.Accounts-ListTests";
				PRODUCT_NAME = "$(TARGET_NAME)";
				TEST_HOST = "$(BUILT_PRODUCTS_DIR)/Accounts List.app/Accounts List";
			};
			name = Release;
		};
		26BD11991BABFCDA005F13B2 /* Debug */ = {
			isa = XCBuildConfiguration;
			buildSettings = {
				INFOPLIST_FILE = "Accounts ListUITests/Info.plist";
				LD_RUNPATH_SEARCH_PATHS = "$(inherited) @executable_path/Frameworks @loader_path/Frameworks";
				PRODUCT_BUNDLE_IDENTIFIER = "ru.akademon.Accounts-ListUITests";
				PRODUCT_NAME = "$(TARGET_NAME)";
				TEST_TARGET_NAME = "Accounts List";
				USES_XCTRUNNER = YES;
			};
			name = Debug;
		};
		26BD119A1BABFCDA005F13B2 /* Release */ = {
			isa = XCBuildConfiguration;
			buildSettings = {
				INFOPLIST_FILE = "Accounts ListUITests/Info.plist";
				LD_RUNPATH_SEARCH_PATHS = "$(inherited) @executable_path/Frameworks @loader_path/Frameworks";
				PRODUCT_BUNDLE_IDENTIFIER = "ru.akademon.Accounts-ListUITests";
				PRODUCT_NAME = "$(TARGET_NAME)";
				TEST_TARGET_NAME = "Accounts List";
				USES_XCTRUNNER = YES;
			};
			name = Release;
		};
/* End XCBuildConfiguration section */

/* Begin XCConfigurationList section */
		26BD11601BABFCDA005F13B2 /* Build configuration list for PBXProject "Accounts List" */ = {
			isa = XCConfigurationList;
			buildConfigurations = (
				26BD11901BABFCDA005F13B2 /* Debug */,
				26BD11911BABFCDA005F13B2 /* Release */,
			);
			defaultConfigurationIsVisible = 0;
			defaultConfigurationName = Release;
		};
		26BD11921BABFCDA005F13B2 /* Build configuration list for PBXNativeTarget "Accounts List" */ = {
			isa = XCConfigurationList;
			buildConfigurations = (
				26BD11931BABFCDA005F13B2 /* Debug */,
				26BD11941BABFCDA005F13B2 /* Release */,
			);
			defaultConfigurationIsVisible = 0;
			defaultConfigurationName = Release;
		};
		26BD11951BABFCDA005F13B2 /* Build configuration list for PBXNativeTarget "Accounts ListTests" */ = {
			isa = XCConfigurationList;
			buildConfigurations = (
				26BD11961BABFCDA005F13B2 /* Debug */,
				26BD11971BABFCDA005F13B2 /* Release */,
			);
			defaultConfigurationIsVisible = 0;
			defaultConfigurationName = Release;
		};
		26BD11981BABFCDA005F13B2 /* Build configuration list for PBXNativeTarget "Accounts ListUITests" */ = {
			isa = XCConfigurationList;
			buildConfigurations = (
				26BD11991BABFCDA005F13B2 /* Debug */,
				26BD119A1BABFCDA005F13B2 /* Release */,
			);
			defaultConfigurationIsVisible = 0;
			defaultConfigurationName = Release;
		};
/* End XCConfigurationList section */

/* Begin XCVersionGroup section */
		26BD11B41BAC0BA4005F13B2 /* CommonModel.xcdatamodeld */ = {
			isa = XCVersionGroup;
			children = (
				26BD11B51BAC0BA4005F13B2 /* CommonModel.xcdatamodel */,
			);
			currentVersion = 26BD11B51BAC0BA4005F13B2 /* CommonModel.xcdatamodel */;
			path = CommonModel.xcdatamodeld;
			sourceTree = "<group>";
			versionGroupType = wrapper.xcdatamodel;
		};
/* End XCVersionGroup section */
	};
	rootObject = 26BD115D1BABFCDA005F13B2 /* Project object */;
}
