// !$*UTF8*$!
{
	archiveVersion = 1;
	classes = {
	};
	objectVersion = 46;
	objects = {

/* Begin PBXBuildFile section */
		26BD116A1BABFCDA005F13B2 /* main.m in Sources */ = {isa = PBXBuildFile; fileRef = 26BD11691BABFCDA005F13B2 /* main.m */; };
		26BD116D1BABFCDA005F13B2 /* AppDelegate.m in Sources */ = {isa = PBXBuildFile; fileRef = 26BD116C1BABFCDA005F13B2 /* AppDelegate.m */; };
		26BD11731BABFCDA005F13B2 /* Main.storyboard in Resources */ = {isa = PBXBuildFile; fileRef = 26BD11711BABFCDA005F13B2 /* Main.storyboard */; };
		26BD11751BABFCDA005F13B2 /* Assets.xcassets in Resources */ = {isa = PBXBuildFile; fileRef = 26BD11741BABFCDA005F13B2 /* Assets.xcassets */; };
		26BD11781BABFCDA005F13B2 /* LaunchScreen.storyboard in Resources */ = {isa = PBXBuildFile; fileRef = 26BD11761BABFCDA005F13B2 /* LaunchScreen.storyboard */; };
		26BD11831BABFCDA005F13B2 /* Accounts_ListTests.m in Sources */ = {isa = PBXBuildFile; fileRef = 26BD11821BABFCDA005F13B2 /* Accounts_ListTests.m */; };
		26BD118E1BABFCDA005F13B2 /* Accounts_ListUITests.m in Sources */ = {isa = PBXBuildFile; fileRef = 26BD118D1BABFCDA005F13B2 /* Accounts_ListUITests.m */; };
/* End PBXBuildFile section */

/* Begin PBXContainerItemProxy section */
		26BD117F1BABFCDA005F13B2 /* PBXContainerItemProxy */ = {
			isa = PBXContainerItemProxy;
			containerPortal = 26BD115D1BABFCDA005F13B2 /* Project object */;
			proxyType = 1;
			remoteGlobalIDString = 26BD11641BABFCDA005F13B2;
			remoteInfo = "Accounts List";
		};
		26BD118A1BABFCDA005F13B2 /* PBXContainerItemProxy */ = {
			isa = PBXContainerItemProxy;
			containerPortal = 26BD115D1BABFCDA005F13B2 /* Project object */;
			proxyType = 1;
			remoteGlobalIDString = 26BD11641BABFCDA005F13B2;
			remoteInfo = "Accounts List";
		};
/* End PBXContainerItemProxy section */

/* Begin PBXFileReference section */
		26BD11651BABFCDA005F13B2 /* Accounts List.app */ = {isa = PBXFileReference; explicitFileType = wrapper.application; includeInIndex = 0; path = "Accounts List.app"; sourceTree = BUILT_PRODUCTS_DIR; };
		26BD11691BABFCDA005F13B2 /* main.m */ = {isa = PBXFileReference; lastKnownFileType = sourcecode.c.objc; path = main.m; sourceTree = "<group>"; };
		26BD116B1BABFCDA005F13B2 /* AppDelegate.h */ = {isa = PBXFileReference; lastKnownFileType = sourcecode.c.h; path = AppDelegate.h; sourceTree = "<group>"; };
		26BD116C1BABFCDA005F13B2 /* AppDelegate.m */ = {isa = PBXFileReference; lastKnownFileType = sourcecode.c.objc; path = AppDelegate.m; sourceTree = "<group>"; };
		26BD11721BABFCDA005F13B2 /* Base */ = {isa = PBXFileReference; lastKnownFileType = file.storyboard; name = Base; path = Base.lproj/Main.storyboard; sourceTree = "<group>"; };
		26BD11741BABFCDA005F13B2 /* Assets.xcassets */ = {isa = PBXFileReference; lastKnownFileType = folder.assetcatalog; path = Assets.xcassets; sourceTree = "<group>"; };
		26BD11771BABFCDA005F13B2 /* Base */ = {isa = PBXFileReference; lastKnownFileType = file.storyboard; name = Base; path = Base.lproj/LaunchScreen.storyboard; sourceTree = "<group>"; };
		26BD11791BABFCDA005F13B2 /* Info.plist */ = {isa = PBXFileReference; lastKnownFileType = text.plist.xml; path = Info.plist; sourceTree = "<group>"; };
		26BD117E1BABFCDA005F13B2 /* Accounts ListTests.xctest */ = {isa = PBXFileReference; explicitFileType = wrapper.cfbundle; includeInIndex = 0; path = "Accounts ListTests.xctest"; sourceTree = BUILT_PRODUCTS_DIR; };
		26BD11821BABFCDA005F13B2 /* Accounts_ListTests.m */ = {isa = PBXFileReference; lastKnownFileType = sourcecode.c.objc; path = Accounts_ListTests.m; sourceTree = "<group>"; };
		26BD11841BABFCDA005F13B2 /* Info.plist */ = {isa = PBXFileReference; lastKnownFileType = text.plist.xml; path = Info.plist; sourceTree = "<group>"; };
		26BD11891BABFCDA005F13B2 /* Accounts ListUITests.xctest */ = {isa = PBXFileReference; explicitFileType = wrapper.cfbundle; includeInIndex = 0; path = "Accounts ListUITests.xctest"; sourceTree = BUILT_PRODUCTS_DIR; };
		26BD118D1BABFCDA005F13B2 /* Accounts_ListUITests.m */ = {isa = PBXFileReference; lastKnownFileType = sourcecode.c.objc; path = Accounts_ListUITests.m; sourceTree = "<group>"; };
		26BD118F1BABFCDA005F13B2 /* Info.plist */ = {isa = PBXFileReference; lastKnownFileType = text.plist.xml; path = Info.plist; sourceTree = "<group>"; };
/* End PBXFileReference section */

/* Begin PBXFrameworksBuildPhase section */
		26BD11621BABFCDA005F13B2 /* Frameworks */ = {
			isa = PBXFrameworksBuildPhase;
			buildActionMask = 2147483647;
			files = (
			);
			runOnlyForDeploymentPostprocessing = 0;
		};
		26BD117B1BABFCDA005F13B2 /* Frameworks */ = {
			isa = PBXFrameworksBuildPhase;
			buildActionMask = 2147483647;
			files = (
			);
			runOnlyForDeploymentPostprocessing = 0;
		};
		26BD11861BABFCDA005F13B2 /* Frameworks */ = {
			isa = PBXFrameworksBuildPhase;
			buildActionMask = 2147483647;
			files = (
			);
			runOnlyForDeploymentPostprocessing = 0;
		};
/* End PBXFrameworksBuildPhase section */

/* Begin PBXGroup section */
		26BD115C1BABFCDA005F13B2 = {
			isa = PBXGroup;
			children = (
				26BD11671BABFCDA005F13B2 /* Accounts List */,
				26BD11811BABFCDA005F13B2 /* Accounts ListTests */,
				26BD118C1BABFCDA005F13B2 /* Accounts ListUITests */,
				26BD11661BABFCDA005F13B2 /* Products */,
			);
			sourceTree = "<group>";
		};
		26BD11661BABFCDA005F13B2 /* Products */ = {
			isa = PBXGroup;
			children = (
				26BD11651BABFCDA005F13B2 /* Accounts List.app */,
				26BD117E1BABFCDA005F13B2 /* Accounts ListTests.xctest */,
				26BD11891BABFCDA005F13B2 /* Accounts ListUITests.xctest */,
			);
			name = Products;
			sourceTree = "<group>";
		};
		26BD11671BABFCDA005F13B2 /* Accounts List */ = {
			isa = PBXGroup;
			children = (
				26BD116B1BABFCDA005F13B2 /* AppDelegate.h */,
				26BD116C1BABFCDA005F13B2 /* AppDelegate.m */,
				26BD11711BABFCDA005F13B2 /* Main.storyboard */,
				26BD11741BABFCDA005F13B2 /* Assets.xcassets */,
				26BD11761BABFCDA005F13B2 /* LaunchScreen.storyboard */,
				26BD11791BABFCDA005F13B2 /* Info.plist */,
				26BD11681BABFCDA005F13B2 /* Supporting Files */,
			);
			path = "Accounts List";
			sourceTree = "<group>";
		};
		26BD11681BABFCDA005F13B2 /* Supporting Files */ = {
			isa = PBXGroup;
			children = (
				26BD11691BABFCDA005F13B2 /* main.m */,
			);
			name = "Supporting Files";
			sourceTree = "<group>";
		};
		26BD11811BABFCDA005F13B2 /* Accounts ListTests */ = {
			isa = PBXGroup;
			children = (
				26BD11821BABFCDA005F13B2 /* Accounts_ListTests.m */,
				26BD11841BABFCDA005F13B2 /* Info.plist */,
			);
			path = "Accounts ListTests";
			sourceTree = "<group>";
		};
		26BD118C1BABFCDA005F13B2 /* Accounts ListUITests */ = {
			isa = PBXGroup;
			children = (
				26BD118D1BABFCDA005F13B2 /* Accounts_ListUITests.m */,
				26BD118F1BABFCDA005F13B2 /* Info.plist */,
			);
			path = "Accounts ListUITests";
			sourceTree = "<group>";
		};
/* End PBXGroup section */

/* Begin PBXNativeTarget section */
		26BD11641BABFCDA005F13B2 /* Accounts List */ = {
			isa = PBXNativeTarget;
			buildConfigurationList = 26BD11921BABFCDA005F13B2 /* Build configuration list for PBXNativeTarget "Accounts List" */;
			buildPhases = (
				26BD11611BABFCDA005F13B2 /* Sources */,
				26BD11621BABFCDA005F13B2 /* Frameworks */,
				26BD11631BABFCDA005F13B2 /* Resources */,
			);
			buildRules = (
			);
			dependencies = (
			);
			name = "Accounts List";
			productName = "Accounts List";
			productReference = 26BD11651BABFCDA005F13B2 /* Accounts List.app */;
			productType = "com.apple.product-type.application";
		};
		26BD117D1BABFCDA005F13B2 /* Accounts ListTests */ = {
			isa = PBXNativeTarget;
			buildConfigurationList = 26BD11951BABFCDA005F13B2 /* Build configuration list for PBXNativeTarget "Accounts ListTests" */;
			buildPhases = (
				26BD117A1BABFCDA005F13B2 /* Sources */,
				26BD117B1BABFCDA005F13B2 /* Frameworks */,
				26BD117C1BABFCDA005F13B2 /* Resources */,
			);
			buildRules = (
			);
			dependencies = (
				26BD11801BABFCDA005F13B2 /* PBXTargetDependency */,
			);
			name = "Accounts ListTests";
			productName = "Accounts ListTests";
			productReference = 26BD117E1BABFCDA005F13B2 /* Accounts ListTests.xctest */;
			productType = "com.apple.product-type.bundle.unit-test";
		};
		26BD11881BABFCDA005F13B2 /* Accounts ListUITests */ = {
			isa = PBXNativeTarget;
			buildConfigurationList = 26BD11981BABFCDA005F13B2 /* Build configuration list for PBXNativeTarget "Accounts ListUITests" */;
			buildPhases = (
				26BD11851BABFCDA005F13B2 /* Sources */,
				26BD11861BABFCDA005F13B2 /* Frameworks */,
				26BD11871BABFCDA005F13B2 /* Resources */,
			);
			buildRules = (
			);
			dependencies = (
				26BD118B1BABFCDA005F13B2 /* PBXTargetDependency */,
			);
			name = "Accounts ListUITests";
			productName = "Accounts ListUITests";
			productReference = 26BD11891BABFCDA005F13B2 /* Accounts ListUITests.xctest */;
			productType = "com.apple.product-type.bundle.ui-testing";
		};
/* End PBXNativeTarget section */

/* Begin PBXProject section */
		26BD115D1BABFCDA005F13B2 /* Project object */ = {
			isa = PBXProject;
			attributes = {
				LastUpgradeCheck = 0700;
				ORGANIZATIONNAME = "Akademon Ltd.";
				TargetAttributes = {
					26BD11641BABFCDA005F13B2 = {
						CreatedOnToolsVersion = 7.0;
					};
					26BD117D1BABFCDA005F13B2 = {
						CreatedOnToolsVersion = 7.0;
						TestTargetID = 26BD11641BABFCDA005F13B2;
					};
					26BD11881BABFCDA005F13B2 = {
						CreatedOnToolsVersion = 7.0;
						TestTargetID = 26BD11641BABFCDA005F13B2;
					};
				};
			};
			buildConfigurationList = 26BD11601BABFCDA005F13B2 /* Build configuration list for PBXProject "Accounts List" */;
			compatibilityVersion = "Xcode 3.2";
			developmentRegion = English;
			hasScannedForEncodings = 0;
			knownRegions = (
				en,
				Base,
			);
			mainGroup = 26BD115C1BABFCDA005F13B2;
			productRefGroup = 26BD11661BABFCDA005F13B2 /* Products */;
			projectDirPath = "";
			projectRoot = "";
			targets = (
				26BD11641BABFCDA005F13B2 /* Accounts List */,
				26BD117D1BABFCDA005F13B2 /* Accounts ListTests */,
				26BD11881BABFCDA005F13B2 /* Accounts ListUITests */,
			);
		};
/* End PBXProject section */

/* Begin PBXResourcesBuildPhase section */
		26BD11631BABFCDA005F13B2 /* Resources */ = {
			isa = PBXResourcesBuildPhase;
			buildActionMask = 2147483647;
			files = (
				26BD11781BABFCDA005F13B2 /* LaunchScreen.storyboard in Resources */,
				26BD11751BABFCDA005F13B2 /* Assets.xcassets in Resources */,
				26BD11731BABFCDA005F13B2 /* Main.storyboard in Resources */,
			);
			runOnlyForDeploymentPostprocessing = 0;
		};
		26BD117C1BABFCDA005F13B2 /* Resources */ = {
			isa = PBXResourcesBuildPhase;
			buildActionMask = 2147483647;
			files = (
			);
			runOnlyForDeploymentPostprocessing = 0;
		};
		26BD11871BABFCDA005F13B2 /* Resources */ = {
			isa = PBXResourcesBuildPhase;
			buildActionMask = 2147483647;
			files = (
			);
			runOnlyForDeploymentPostprocessing = 0;
		};
/* End PBXResourcesBuildPhase section */

/* Begin PBXSourcesBuildPhase section */
		26BD11611BABFCDA005F13B2 /* Sources */ = {
			isa = PBXSourcesBuildPhase;
			buildActionMask = 2147483647;
			files = (
				26BD116D1BABFCDA005F13B2 /* AppDelegate.m in Sources */,
				26BD116A1BABFCDA005F13B2 /* main.m in Sources */,
			);
			runOnlyForDeploymentPostprocessing = 0;
		};
		26BD117A1BABFCDA005F13B2 /* Sources */ = {
			isa = PBXSourcesBuildPhase;
			buildActionMask = 2147483647;
			files = (
				26BD11831BABFCDA005F13B2 /* Accounts_ListTests.m in Sources */,
			);
			runOnlyForDeploymentPostprocessing = 0;
		};
		26BD11851BABFCDA005F13B2 /* Sources */ = {
			isa = PBXSourcesBuildPhase;
			buildActionMask = 2147483647;
			files = (
				26BD118E1BABFCDA005F13B2 /* Accounts_ListUITests.m in Sources */,
			);
			runOnlyForDeploymentPostprocessing = 0;
		};
/* End PBXSourcesBuildPhase section */

/* Begin PBXTargetDependency section */
		26BD11801BABFCDA005F13B2 /* PBXTargetDependency */ = {
			isa = PBXTargetDependency;
			target = 26BD11641BABFCDA005F13B2 /* Accounts List */;
			targetProxy = 26BD117F1BABFCDA005F13B2 /* PBXContainerItemProxy */;
		};
		26BD118B1BABFCDA005F13B2 /* PBXTargetDependency */ = {
			isa = PBXTargetDependency;
			target = 26BD11641BABFCDA005F13B2 /* Accounts List */;
			targetProxy = 26BD118A1BABFCDA005F13B2 /* PBXContainerItemProxy */;
		};
/* End PBXTargetDependency section */

/* Begin PBXVariantGroup section */
		26BD11711BABFCDA005F13B2 /* Main.storyboard */ = {
			isa = PBXVariantGroup;
			children = (
				26BD11721BABFCDA005F13B2 /* Base */,
			);
			name = Main.storyboard;
			sourceTree = "<group>";
		};
		26BD11761BABFCDA005F13B2 /* LaunchScreen.storyboard */ = {
			isa = PBXVariantGroup;
			children = (
				26BD11771BABFCDA005F13B2 /* Base */,
			);
			name = LaunchScreen.storyboard;
			sourceTree = "<group>";
		};
/* End PBXVariantGroup section */

/* Begin XCBuildConfiguration section */
		26BD11901BABFCDA005F13B2 /* Debug */ = {
			isa = XCBuildConfiguration;
			buildSettings = {
				ALWAYS_SEARCH_USER_PATHS = NO;
				CLANG_CXX_LANGUAGE_STANDARD = "gnu++0x";
				CLANG_CXX_LIBRARY = "libc++";
				CLANG_ENABLE_MODULES = YES;
				CLANG_ENABLE_OBJC_ARC = YES;
				CLANG_WARN_BOOL_CONVERSION = YES;
				CLANG_WARN_CONSTANT_CONVERSION = YES;
				CLANG_WARN_DIRECT_OBJC_ISA_USAGE = YES_ERROR;
				CLANG_WARN_EMPTY_BODY = YES;
				CLANG_WARN_ENUM_CONVERSION = YES;
				CLANG_WARN_INT_CONVERSION = YES;
				CLANG_WARN_OBJC_ROOT_CLASS = YES_ERROR;
				CLANG_WARN_UNREACHABLE_CODE = YES;
				CLANG_WARN__DUPLICATE_METHOD_MATCH = YES;
				"CODE_SIGN_IDENTITY[sdk=iphoneos*]" = "iPhone Developer";
				COPY_PHASE_STRIP = NO;
				DEBUG_INFORMATION_FORMAT = dwarf;
				ENABLE_STRICT_OBJC_MSGSEND = YES;
				ENABLE_TESTABILITY = YES;
				GCC_C_LANGUAGE_STANDARD = gnu99;
				GCC_DYNAMIC_NO_PIC = NO;
				GCC_NO_COMMON_BLOCKS = YES;
				GCC_OPTIMIZATION_LEVEL = 0;
				GCC_PREPROCESSOR_DEFINITIONS = (
					"DEBUG=1",
					"$(inherited)",
				);
				GCC_WARN_64_TO_32_BIT_CONVERSION = YES;
				GCC_WARN_ABOUT_RETURN_TYPE = YES_ERROR;
				GCC_WARN_UNDECLARED_SELECTOR = YES;
				GCC_WARN_UNINITIALIZED_AUTOS = YES_AGGRESSIVE;
				GCC_WARN_UNUSED_FUNCTION = YES;
				GCC_WARN_UNUSED_VARIABLE = YES;
				IPHONEOS_DEPLOYMENT_TARGET = 9.0;
				MTL_ENABLE_DEBUG_INFO = YES;
				ONLY_ACTIVE_ARCH = YES;
				SDKROOT = iphoneos;
				TARGETED_DEVICE_FAMILY = "1,2";
			};
			name = Debug;
		};
		26BD11911BABFCDA005F13B2 /* Release */ = {
			isa = XCBuildConfiguration;
			buildSettings = {
				ALWAYS_SEARCH_USER_PATHS = NO;
				CLANG_CXX_LANGUAGE_STANDARD = "gnu++0x";
				CLANG_CXX_LIBRARY = "libc++";
				CLANG_ENABLE_MODULES = YES;
				CLANG_ENABLE_OBJC_ARC = YES;
				CLANG_WARN_BOOL_CONVERSION = YES;
				CLANG_WARN_CONSTANT_CONVERSION = YES;
				CLANG_WARN_DIRECT_OBJC_ISA_USAGE = YES_ERROR;
				CLANG_WARN_EMPTY_BODY = YES;
				CLANG_WARN_ENUM_CONVERSION = YES;
				CLANG_WARN_INT_CONVERSION = YES;
				CLANG_WARN_OBJC_ROOT_CLASS = YES_ERROR;
				CLANG_WARN_UNREACHABLE_CODE = YES;
				CLANG_WARN__DUPLICATE_METHOD_MATCH = YES;
				"CODE_SIGN_IDENTITY[sdk=iphoneos*]" = "iPhone Developer";
				COPY_PHASE_STRIP = NO;
				DEBUG_INFORMATION_FORMAT = "dwarf-with-dsym";
				ENABLE_NS_ASSERTIONS = NO;
				ENABLE_STRICT_OBJC_MSGSEND = YES;
				GCC_C_LANGUAGE_STANDARD = gnu99;
				GCC_NO_COMMON_BLOCKS = YES;
				GCC_WARN_64_TO_32_BIT_CONVERSION = YES;
				GCC_WARN_ABOUT_RETURN_TYPE = YES_ERROR;
				GCC_WARN_UNDECLARED_SELECTOR = YES;
				GCC_WARN_UNINITIALIZED_AUTOS = YES_AGGRESSIVE;
				GCC_WARN_UNUSED_FUNCTION = YES;
				GCC_WARN_UNUSED_VARIABLE = YES;
				IPHONEOS_DEPLOYMENT_TARGET = 9.0;
				MTL_ENABLE_DEBUG_INFO = NO;
				SDKROOT = iphoneos;
				TARGETED_DEVICE_FAMILY = "1,2";
				VALIDATE_PRODUCT = YES;
			};
			name = Release;
		};
		26BD11931BABFCDA005F13B2 /* Debug */ = {
			isa = XCBuildConfiguration;
			buildSettings = {
				ASSETCATALOG_COMPILER_APPICON_NAME = AppIcon;
				INFOPLIST_FILE = "Accounts List/Info.plist";
				LD_RUNPATH_SEARCH_PATHS = "$(inherited) @executable_path/Frameworks";
				PRODUCT_BUNDLE_IDENTIFIER = "ru.akademon.Accounts-List";
				PRODUCT_NAME = "$(TARGET_NAME)";
			};
			name = Debug;
		};
		26BD11941BABFCDA005F13B2 /* Release */ = {
			isa = XCBuildConfiguration;
			buildSettings = {
				ASSETCATALOG_COMPILER_APPICON_NAME = AppIcon;
				INFOPLIST_FILE = "Accounts List/Info.plist";
				LD_RUNPATH_SEARCH_PATHS = "$(inherited) @executable_path/Frameworks";
				PRODUCT_BUNDLE_IDENTIFIER = "ru.akademon.Accounts-List";
				PRODUCT_NAME = "$(TARGET_NAME)";
			};
			name = Release;
		};
		26BD11961BABFCDA005F13B2 /* Debug */ = {
			isa = XCBuildConfiguration;
			buildSettings = {
				BUNDLE_LOADER = "$(TEST_HOST)";
				INFOPLIST_FILE = "Accounts ListTests/Info.plist";
				LD_RUNPATH_SEARCH_PATHS = "$(inherited) @executable_path/Frameworks @loader_path/Frameworks";
				PRODUCT_BUNDLE_IDENTIFIER = "ru.akademon.Accounts-ListTests";
				PRODUCT_NAME = "$(TARGET_NAME)";
				TEST_HOST = "$(BUILT_PRODUCTS_DIR)/Accounts List.app/Accounts List";
			};
			name = Debug;
		};
		26BD11971BABFCDA005F13B2 /* Release */ = {
			isa = XCBuildConfiguration;
			buildSettings = {
				BUNDLE_LOADER = "$(TEST_HOST)";
				INFOPLIST_FILE = "Accounts ListTests/Info.plist";
				LD_RUNPATH_SEARCH_PATHS = "$(inherited) @executable_path/Frameworks @loader_path/Frameworks";
				PRODUCT_BUNDLE_IDENTIFIER = "ru.akademon.Accounts-ListTests";
				PRODUCT_NAME = "$(TARGET_NAME)";
				TEST_HOST = "$(BUILT_PRODUCTS_DIR)/Accounts List.app/Accounts List";
			};
			name = Release;
		};
		26BD11991BABFCDA005F13B2 /* Debug */ = {
			isa = XCBuildConfiguration;
			buildSettings = {
				INFOPLIST_FILE = "Accounts ListUITests/Info.plist";
				LD_RUNPATH_SEARCH_PATHS = "$(inherited) @executable_path/Frameworks @loader_path/Frameworks";
				PRODUCT_BUNDLE_IDENTIFIER = "ru.akademon.Accounts-ListUITests";
				PRODUCT_NAME = "$(TARGET_NAME)";
				TEST_TARGET_NAME = "Accounts List";
				USES_XCTRUNNER = YES;
			};
			name = Debug;
		};
		26BD119A1BABFCDA005F13B2 /* Release */ = {
			isa = XCBuildConfiguration;
			buildSettings = {
				INFOPLIST_FILE = "Accounts ListUITests/Info.plist";
				LD_RUNPATH_SEARCH_PATHS = "$(inherited) @executable_path/Frameworks @loader_path/Frameworks";
				PRODUCT_BUNDLE_IDENTIFIER = "ru.akademon.Accounts-ListUITests";
				PRODUCT_NAME = "$(TARGET_NAME)";
				TEST_TARGET_NAME = "Accounts List";
				USES_XCTRUNNER = YES;
			};
			name = Release;
		};
/* End XCBuildConfiguration section */

/* Begin XCConfigurationList section */
		26BD11601BABFCDA005F13B2 /* Build configuration list for PBXProject "Accounts List" */ = {
			isa = XCConfigurationList;
			buildConfigurations = (
				26BD11901BABFCDA005F13B2 /* Debug */,
				26BD11911BABFCDA005F13B2 /* Release */,
			);
			defaultConfigurationIsVisible = 0;
			defaultConfigurationName = Release;
		};
		26BD11921BABFCDA005F13B2 /* Build configuration list for PBXNativeTarget "Accounts List" */ = {
			isa = XCConfigurationList;
			buildConfigurations = (
				26BD11931BABFCDA005F13B2 /* Debug */,
				26BD11941BABFCDA005F13B2 /* Release */,
			);
			defaultConfigurationIsVisible = 0;
		};
		26BD11951BABFCDA005F13B2 /* Build configuration list for PBXNativeTarget "Accounts ListTests" */ = {
			isa = XCConfigurationList;
			buildConfigurations = (
				26BD11961BABFCDA005F13B2 /* Debug */,
				26BD11971BABFCDA005F13B2 /* Release */,
			);
			defaultConfigurationIsVisible = 0;
		};
		26BD11981BABFCDA005F13B2 /* Build configuration list for PBXNativeTarget "Accounts ListUITests" */ = {
			isa = XCConfigurationList;
			buildConfigurations = (
				26BD11991BABFCDA005F13B2 /* Debug */,
				26BD119A1BABFCDA005F13B2 /* Release */,
			);
			defaultConfigurationIsVisible = 0;
		};
/* End XCConfigurationList section */
	};
	rootObject = 26BD115D1BABFCDA005F13B2 /* Project object */;
}
